
Microsoft Visual Studio Solution File, Format Version 12.00
# Visual Studio Version 17
VisualStudioVersion = 17.3.32922.545
MinimumVisualStudioVersion = 10.0.40219.1
Project("{FAE04EC0-301F-11D3-BF4B-00C04F79EFBC}") = "FolderTagManager", "FolderTagManager\FolderTagManager.csproj", "{4DBDD9C5-1F81-43EE-A015-98A71D6FFCE6}"
EndProject
Global
	GlobalSection(SolutionConfigurationPlatforms) = preSolution
		Debug|Any CPU = Debug|Any CPU
		Release|Any CPU = Release|Any CPU
	EndGlobalSection
	GlobalSection(ProjectConfigurationPlatforms) = postSolution
		{4DBDD9C5-1F81-43EE-A015-98A71D6FFCE6}.Debug|Any CPU.ActiveCfg = Debug|Any CPU
		{4DBDD9C5-1F81-43EE-A015-98A71D6FFCE6}.Debug|Any CPU.Build.0 = Debug|Any CPU
		{4DBDD9C5-1F81-43EE-A015-98A71D6FFCE6}.Release|Any CPU.ActiveCfg = Release|Any CPU
		{4DBDD9C5-1F81-43EE-A015-98A71D6FFCE6}.Release|Any CPU.Build.0 = Release|Any CPU
	EndGlobalSection
	GlobalSection(SolutionProperties) = preSolution
		HideSolutionNode = FALSE
	EndGlobalSection
	GlobalSection(ExtensibilityGlobals) = postSolution
		SolutionGuid = {38BAAC38-C10E-4C98-A545-266095BE540F}
	EndGlobalSection
EndGlobal
